// !$*UTF8*$!
{
	archiveVersion = 1;
	classes = {
	};
	objectVersion = 55;
	objects = {

/* Begin PBXBuildFile section */
		041BD070298D788600004E40 /* .gitignore in Resources */ = {isa = PBXBuildFile; fileRef = 041BD06F298D788600004E40 /* .gitignore */; };
		04426D932A2A47C700DB5272 /* CalculatorPageAssembly.swift in Sources */ = {isa = PBXBuildFile; fileRef = 04426D922A2A47C700DB5272 /* CalculatorPageAssembly.swift */; };
		04426D952A2A47DA00DB5272 /* CalculatorPageViewModel.swift in Sources */ = {isa = PBXBuildFile; fileRef = 04426D942A2A47DA00DB5272 /* CalculatorPageViewModel.swift */; };
		04426D972A2B4FB300DB5272 /* SettingsPagePresenter.swift in Sources */ = {isa = PBXBuildFile; fileRef = 04426D962A2B4FB300DB5272 /* SettingsPagePresenter.swift */; };
		04426D992A2B4FC300DB5272 /* SettingsPageAssembly.swift in Sources */ = {isa = PBXBuildFile; fileRef = 04426D982A2B4FC300DB5272 /* SettingsPageAssembly.swift */; };
		044EF5A3298AF18200AA986A /* AppDelegate.swift in Sources */ = {isa = PBXBuildFile; fileRef = 044EF5A2298AF18200AA986A /* AppDelegate.swift */; };
		044EF5A5298AF18200AA986A /* SceneDelegate.swift in Sources */ = {isa = PBXBuildFile; fileRef = 044EF5A4298AF18200AA986A /* SceneDelegate.swift */; };
		044EF5AC298AF18400AA986A /* Assets.xcassets in Resources */ = {isa = PBXBuildFile; fileRef = 044EF5AB298AF18400AA986A /* Assets.xcassets */; };
		044EF5AF298AF18400AA986A /* LaunchScreen.storyboard in Resources */ = {isa = PBXBuildFile; fileRef = 044EF5AD298AF18400AA986A /* LaunchScreen.storyboard */; };
		047012F529BE4430005145B2 /* SnapKit in Frameworks */ = {isa = PBXBuildFile; productRef = 047012F429BE4430005145B2 /* SnapKit */; };
		04885E2F2A14DFA50049D8EE /* CalculatorPageModelTests.swift in Sources */ = {isa = PBXBuildFile; fileRef = 04885E2E2A14DFA50049D8EE /* CalculatorPageModelTests.swift */; };
		04885E322A1529BD0049D8EE /* UITextField + Extension.swift in Sources */ = {isa = PBXBuildFile; fileRef = 04885E312A1529BD0049D8EE /* UITextField + Extension.swift */; };
		049C727C2A5967E500D78C19 /* MainPageViewModel.swift in Sources */ = {isa = PBXBuildFile; fileRef = 049C727B2A5967E500D78C19 /* MainPageViewModel.swift */; };
		049C727F2A5968B100D78C19 /* RxCocoa in Frameworks */ = {isa = PBXBuildFile; productRef = 049C727E2A5968B100D78C19 /* RxCocoa */; };
		049C72812A5968B100D78C19 /* RxSwift in Frameworks */ = {isa = PBXBuildFile; productRef = 049C72802A5968B100D78C19 /* RxSwift */; };
		049C72832A596B1E00D78C19 /* MainPageController.swift in Sources */ = {isa = PBXBuildFile; fileRef = 049C72822A596B1E00D78C19 /* MainPageController.swift */; };
		04B0816E2A1284CB00EA217C /* MainPageModelTests.swift in Sources */ = {isa = PBXBuildFile; fileRef = 04B0816D2A1284CB00EA217C /* MainPageModelTests.swift */; };
		04B0FB462A28FD6300C5D355 /* Router.swift in Sources */ = {isa = PBXBuildFile; fileRef = 04B0FB452A28FD6300C5D355 /* Router.swift */; };
		04B0FB4A2A28FD8E00C5D355 /* MainPageAssembly.swift in Sources */ = {isa = PBXBuildFile; fileRef = 04B0FB492A28FD8E00C5D355 /* MainPageAssembly.swift */; };
		04B5CDC02A1FABB8002C822E /* MainPageUITests.swift in Sources */ = {isa = PBXBuildFile; fileRef = 04B5CDAF2A1FA3AC002C822E /* MainPageUITests.swift */; };
		04B5CDC62A1FE15F002C822E /* CalculatorPageUITests.swift in Sources */ = {isa = PBXBuildFile; fileRef = 04B5CDC52A1FE15F002C822E /* CalculatorPageUITests.swift */; };
		04B5CDC92A1FE38F002C822E /* MainPageUIModel.swift in Sources */ = {isa = PBXBuildFile; fileRef = 04B5CDC82A1FE38F002C822E /* MainPageUIModel.swift */; };
		04B5CDCB2A1FEEE2002C822E /* PageProtocol.swift in Sources */ = {isa = PBXBuildFile; fileRef = 04B5CDCA2A1FEEE2002C822E /* PageProtocol.swift */; };
		04B5CDCD2A1FEF0A002C822E /* CalculatorPageUIModel.swift in Sources */ = {isa = PBXBuildFile; fileRef = 04B5CDCC2A1FEF0A002C822E /* CalculatorPageUIModel.swift */; };
		04B5CDCF2A1FEF4B002C822E /* SettingsPageUIModel.swift in Sources */ = {isa = PBXBuildFile; fileRef = 04B5CDCE2A1FEF4B002C822E /* SettingsPageUIModel.swift */; };
		04B5CDD12A211AD8002C822E /* SettingsPageUITests.swift in Sources */ = {isa = PBXBuildFile; fileRef = 04B5CDD02A211AD8002C822E /* SettingsPageUITests.swift */; };
		04C1C10A29C062D4006FBED3 /* MainPageView.swift in Sources */ = {isa = PBXBuildFile; fileRef = 04C1C10929C062D4006FBED3 /* MainPageView.swift */; };
		04C1C10C29C07619006FBED3 /* CalculatorPageController.swift in Sources */ = {isa = PBXBuildFile; fileRef = 04C1C10B29C07619006FBED3 /* CalculatorPageController.swift */; };
		04C1C10E29C0AD57006FBED3 /* UIConstants.swift in Sources */ = {isa = PBXBuildFile; fileRef = 04C1C10D29C0AD57006FBED3 /* UIConstants.swift */; };
		04C1C11029C0BDA6006FBED3 /* MainPageModel.swift in Sources */ = {isa = PBXBuildFile; fileRef = 04C1C10F29C0BDA6006FBED3 /* MainPageModel.swift */; };
		04C1C11329C0CAE9006FBED3 /* UserDefaultsManager.swift in Sources */ = {isa = PBXBuildFile; fileRef = 04C1C11229C0CAE9006FBED3 /* UserDefaultsManager.swift */; };
		04C1C11529C0CB26006FBED3 /* AlertManager.swift in Sources */ = {isa = PBXBuildFile; fileRef = 04C1C11429C0CB26006FBED3 /* AlertManager.swift */; };
		04C1C11729C0D498006FBED3 /* CalculatorPageView.swift in Sources */ = {isa = PBXBuildFile; fileRef = 04C1C11629C0D498006FBED3 /* CalculatorPageView.swift */; };
		04C1C11929C10355006FBED3 /* CalculatorPageModel.swift in Sources */ = {isa = PBXBuildFile; fileRef = 04C1C11829C10355006FBED3 /* CalculatorPageModel.swift */; };
		04C39F182A2E4294001FEE71 /* Boxing.swift in Sources */ = {isa = PBXBuildFile; fileRef = 04C39F172A2E4294001FEE71 /* Boxing.swift */; };
		04F1712329C363F500690A2A /* SettingsPageController.swift in Sources */ = {isa = PBXBuildFile; fileRef = 04F1712229C363F500690A2A /* SettingsPageController.swift */; };
		04F1712529C3640D00690A2A /* SettingsPageView.swift in Sources */ = {isa = PBXBuildFile; fileRef = 04F1712429C3640D00690A2A /* SettingsPageView.swift */; };
/* End PBXBuildFile section */

/* Begin PBXContainerItemProxy section */
		04B0816F2A1284CB00EA217C /* PBXContainerItemProxy */ = {
			isa = PBXContainerItemProxy;
			containerPortal = 044EF597298AF18200AA986A /* Project object */;
			proxyType = 1;
			remoteGlobalIDString = 044EF59E298AF18200AA986A;
			remoteInfo = "VAT Calculator";
		};
		04B5CDBB2A1FA941002C822E /* PBXContainerItemProxy */ = {
			isa = PBXContainerItemProxy;
			containerPortal = 044EF597298AF18200AA986A /* Project object */;
			proxyType = 1;
			remoteGlobalIDString = 044EF59E298AF18200AA986A;
			remoteInfo = "VAT Calculator";
		};
/* End PBXContainerItemProxy section */

/* Begin PBXFileReference section */
		041BD06F298D788600004E40 /* .gitignore */ = {isa = PBXFileReference; lastKnownFileType = text; path = .gitignore; sourceTree = "<group>"; };
		04426D922A2A47C700DB5272 /* CalculatorPageAssembly.swift */ = {isa = PBXFileReference; lastKnownFileType = sourcecode.swift; path = CalculatorPageAssembly.swift; sourceTree = "<group>"; };
		04426D942A2A47DA00DB5272 /* CalculatorPageViewModel.swift */ = {isa = PBXFileReference; lastKnownFileType = sourcecode.swift; path = CalculatorPageViewModel.swift; sourceTree = "<group>"; };
		04426D962A2B4FB300DB5272 /* SettingsPagePresenter.swift */ = {isa = PBXFileReference; lastKnownFileType = sourcecode.swift; path = SettingsPagePresenter.swift; sourceTree = "<group>"; };
		04426D982A2B4FC300DB5272 /* SettingsPageAssembly.swift */ = {isa = PBXFileReference; lastKnownFileType = sourcecode.swift; path = SettingsPageAssembly.swift; sourceTree = "<group>"; };
		044EF59F298AF18200AA986A /* VAT Calculator.app */ = {isa = PBXFileReference; explicitFileType = wrapper.application; includeInIndex = 0; path = "VAT Calculator.app"; sourceTree = BUILT_PRODUCTS_DIR; };
		044EF5A2298AF18200AA986A /* AppDelegate.swift */ = {isa = PBXFileReference; lastKnownFileType = sourcecode.swift; path = AppDelegate.swift; sourceTree = "<group>"; };
		044EF5A4298AF18200AA986A /* SceneDelegate.swift */ = {isa = PBXFileReference; lastKnownFileType = sourcecode.swift; path = SceneDelegate.swift; sourceTree = "<group>"; };
		044EF5AB298AF18400AA986A /* Assets.xcassets */ = {isa = PBXFileReference; lastKnownFileType = folder.assetcatalog; path = Assets.xcassets; sourceTree = "<group>"; };
		044EF5AE298AF18400AA986A /* Base */ = {isa = PBXFileReference; lastKnownFileType = file.storyboard; name = Base; path = Base.lproj/LaunchScreen.storyboard; sourceTree = "<group>"; };
		044EF5B0298AF18400AA986A /* Info.plist */ = {isa = PBXFileReference; lastKnownFileType = text.plist.xml; path = Info.plist; sourceTree = "<group>"; };
		04885E2E2A14DFA50049D8EE /* CalculatorPageModelTests.swift */ = {isa = PBXFileReference; lastKnownFileType = sourcecode.swift; name = CalculatorPageModelTests.swift; path = "VAT CalculatorTests/CalculatorPage/CalculatorPageModelTests.swift"; sourceTree = SOURCE_ROOT; };
		04885E312A1529BD0049D8EE /* UITextField + Extension.swift */ = {isa = PBXFileReference; lastKnownFileType = sourcecode.swift; path = "UITextField + Extension.swift"; sourceTree = "<group>"; };
		049C727B2A5967E500D78C19 /* MainPageViewModel.swift */ = {isa = PBXFileReference; lastKnownFileType = sourcecode.swift; path = MainPageViewModel.swift; sourceTree = "<group>"; };
		049C72822A596B1E00D78C19 /* MainPageController.swift */ = {isa = PBXFileReference; lastKnownFileType = sourcecode.swift; path = MainPageController.swift; sourceTree = "<group>"; };
		04B0816B2A1284CB00EA217C /* VAT CalculatorTests.xctest */ = {isa = PBXFileReference; explicitFileType = wrapper.cfbundle; includeInIndex = 0; path = "VAT CalculatorTests.xctest"; sourceTree = BUILT_PRODUCTS_DIR; };
		04B0816D2A1284CB00EA217C /* MainPageModelTests.swift */ = {isa = PBXFileReference; lastKnownFileType = sourcecode.swift; path = MainPageModelTests.swift; sourceTree = "<group>"; };
		04B0FB452A28FD6300C5D355 /* Router.swift */ = {isa = PBXFileReference; lastKnownFileType = sourcecode.swift; path = Router.swift; sourceTree = "<group>"; };
		04B0FB492A28FD8E00C5D355 /* MainPageAssembly.swift */ = {isa = PBXFileReference; lastKnownFileType = sourcecode.swift; path = MainPageAssembly.swift; sourceTree = "<group>"; };
		04B5CDAF2A1FA3AC002C822E /* MainPageUITests.swift */ = {isa = PBXFileReference; lastKnownFileType = sourcecode.swift; path = MainPageUITests.swift; sourceTree = "<group>"; };
		04B5CDB52A1FA941002C822E /* VAT CalculatorUITests.xctest */ = {isa = PBXFileReference; explicitFileType = wrapper.cfbundle; includeInIndex = 0; path = "VAT CalculatorUITests.xctest"; sourceTree = BUILT_PRODUCTS_DIR; };
		04B5CDC52A1FE15F002C822E /* CalculatorPageUITests.swift */ = {isa = PBXFileReference; lastKnownFileType = sourcecode.swift; path = CalculatorPageUITests.swift; sourceTree = "<group>"; };
		04B5CDC82A1FE38F002C822E /* MainPageUIModel.swift */ = {isa = PBXFileReference; lastKnownFileType = sourcecode.swift; path = MainPageUIModel.swift; sourceTree = "<group>"; };
		04B5CDCA2A1FEEE2002C822E /* PageProtocol.swift */ = {isa = PBXFileReference; lastKnownFileType = sourcecode.swift; path = PageProtocol.swift; sourceTree = "<group>"; };
		04B5CDCC2A1FEF0A002C822E /* CalculatorPageUIModel.swift */ = {isa = PBXFileReference; lastKnownFileType = sourcecode.swift; path = CalculatorPageUIModel.swift; sourceTree = "<group>"; };
		04B5CDCE2A1FEF4B002C822E /* SettingsPageUIModel.swift */ = {isa = PBXFileReference; lastKnownFileType = sourcecode.swift; path = SettingsPageUIModel.swift; sourceTree = "<group>"; };
		04B5CDD02A211AD8002C822E /* SettingsPageUITests.swift */ = {isa = PBXFileReference; lastKnownFileType = sourcecode.swift; path = SettingsPageUITests.swift; sourceTree = "<group>"; };
		04C1C10929C062D4006FBED3 /* MainPageView.swift */ = {isa = PBXFileReference; lastKnownFileType = sourcecode.swift; path = MainPageView.swift; sourceTree = "<group>"; };
		04C1C10B29C07619006FBED3 /* CalculatorPageController.swift */ = {isa = PBXFileReference; lastKnownFileType = sourcecode.swift; path = CalculatorPageController.swift; sourceTree = "<group>"; };
		04C1C10D29C0AD57006FBED3 /* UIConstants.swift */ = {isa = PBXFileReference; lastKnownFileType = sourcecode.swift; path = UIConstants.swift; sourceTree = "<group>"; };
		04C1C10F29C0BDA6006FBED3 /* MainPageModel.swift */ = {isa = PBXFileReference; lastKnownFileType = sourcecode.swift; path = MainPageModel.swift; sourceTree = "<group>"; };
		04C1C11229C0CAE9006FBED3 /* UserDefaultsManager.swift */ = {isa = PBXFileReference; lastKnownFileType = sourcecode.swift; path = UserDefaultsManager.swift; sourceTree = "<group>"; };
		04C1C11429C0CB26006FBED3 /* AlertManager.swift */ = {isa = PBXFileReference; lastKnownFileType = sourcecode.swift; path = AlertManager.swift; sourceTree = "<group>"; };
		04C1C11629C0D498006FBED3 /* CalculatorPageView.swift */ = {isa = PBXFileReference; lastKnownFileType = sourcecode.swift; path = CalculatorPageView.swift; sourceTree = "<group>"; };
		04C1C11829C10355006FBED3 /* CalculatorPageModel.swift */ = {isa = PBXFileReference; lastKnownFileType = sourcecode.swift; path = CalculatorPageModel.swift; sourceTree = "<group>"; };
		04C39F172A2E4294001FEE71 /* Boxing.swift */ = {isa = PBXFileReference; lastKnownFileType = sourcecode.swift; path = Boxing.swift; sourceTree = "<group>"; };
		04F1712229C363F500690A2A /* SettingsPageController.swift */ = {isa = PBXFileReference; lastKnownFileType = sourcecode.swift; path = SettingsPageController.swift; sourceTree = "<group>"; };
		04F1712429C3640D00690A2A /* SettingsPageView.swift */ = {isa = PBXFileReference; lastKnownFileType = sourcecode.swift; path = SettingsPageView.swift; sourceTree = "<group>"; };
/* End PBXFileReference section */

/* Begin PBXFrameworksBuildPhase section */
		044EF59C298AF18200AA986A /* Frameworks */ = {
			isa = PBXFrameworksBuildPhase;
			buildActionMask = 2147483647;
			files = (
				049C72812A5968B100D78C19 /* RxSwift in Frameworks */,
				049C727F2A5968B100D78C19 /* RxCocoa in Frameworks */,
				047012F529BE4430005145B2 /* SnapKit in Frameworks */,
			);
			runOnlyForDeploymentPostprocessing = 0;
		};
		04B081682A1284CB00EA217C /* Frameworks */ = {
			isa = PBXFrameworksBuildPhase;
			buildActionMask = 2147483647;
			files = (
			);
			runOnlyForDeploymentPostprocessing = 0;
		};
		04B5CDB22A1FA941002C822E /* Frameworks */ = {
			isa = PBXFrameworksBuildPhase;
			buildActionMask = 2147483647;
			files = (
			);
			runOnlyForDeploymentPostprocessing = 0;
		};
/* End PBXFrameworksBuildPhase section */

/* Begin PBXGroup section */
		044EF596298AF18200AA986A = {
			isa = PBXGroup;
			children = (
				041BD06F298D788600004E40 /* .gitignore */,
				044EF5A1298AF18200AA986A /* VAT Calculator */,
				04B0816C2A1284CB00EA217C /* VAT CalculatorTests */,
				04B5CDB62A1FA941002C822E /* VAT CalculatorUITests */,
				044EF5A0298AF18200AA986A /* Products */,
			);
			sourceTree = "<group>";
		};
		044EF5A0298AF18200AA986A /* Products */ = {
			isa = PBXGroup;
			children = (
				044EF59F298AF18200AA986A /* VAT Calculator.app */,
				04B0816B2A1284CB00EA217C /* VAT CalculatorTests.xctest */,
				04B5CDB52A1FA941002C822E /* VAT CalculatorUITests.xctest */,
			);
			name = Products;
			sourceTree = "<group>";
		};
		044EF5A1298AF18200AA986A /* VAT Calculator */ = {
			isa = PBXGroup;
			children = (
				047012ED29BE4253005145B2 /* Application */,
				047012EF29BE4323005145B2 /* MainPage */,
				047012F029BE4341005145B2 /* CalculatorPage */,
				04F1712129C363C100690A2A /* SettingsPage */,
				04885E302A15298F0049D8EE /* Extensions */,
				047012EE29BE4268005145B2 /* Resources */,
				04C1C11129C0CAB8006FBED3 /* Services */,
			);
			path = "VAT Calculator";
			sourceTree = "<group>";
		};
		047012ED29BE4253005145B2 /* Application */ = {
			isa = PBXGroup;
			children = (
				044EF5A2298AF18200AA986A /* AppDelegate.swift */,
				044EF5A4298AF18200AA986A /* SceneDelegate.swift */,
				04B0FB452A28FD6300C5D355 /* Router.swift */,
				04C39F172A2E4294001FEE71 /* Boxing.swift */,
			);
			path = Application;
			sourceTree = "<group>";
		};
		047012EE29BE4268005145B2 /* Resources */ = {
			isa = PBXGroup;
			children = (
				044EF5AB298AF18400AA986A /* Assets.xcassets */,
				044EF5AD298AF18400AA986A /* LaunchScreen.storyboard */,
				044EF5B0298AF18400AA986A /* Info.plist */,
				04C1C10D29C0AD57006FBED3 /* UIConstants.swift */,
			);
			path = Resources;
			sourceTree = "<group>";
		};
		047012EF29BE4323005145B2 /* MainPage */ = {
			isa = PBXGroup;
			children = (
				04B0FB492A28FD8E00C5D355 /* MainPageAssembly.swift */,
				04C1C10F29C0BDA6006FBED3 /* MainPageModel.swift */,
				04C1C10929C062D4006FBED3 /* MainPageView.swift */,
				049C72822A596B1E00D78C19 /* MainPageController.swift */,
				049C727B2A5967E500D78C19 /* MainPageViewModel.swift */,
			);
			path = MainPage;
			sourceTree = "<group>";
		};
		047012F029BE4341005145B2 /* CalculatorPage */ = {
			isa = PBXGroup;
			children = (
				04426D922A2A47C700DB5272 /* CalculatorPageAssembly.swift */,
				04C1C11829C10355006FBED3 /* CalculatorPageModel.swift */,
				04C1C11629C0D498006FBED3 /* CalculatorPageView.swift */,
				04C1C10B29C07619006FBED3 /* CalculatorPageController.swift */,
				04426D942A2A47DA00DB5272 /* CalculatorPageViewModel.swift */,
			);
			path = CalculatorPage;
			sourceTree = "<group>";
		};
		04885E2B2A14DF280049D8EE /* MainPage */ = {
			isa = PBXGroup;
			children = (
				04B0816D2A1284CB00EA217C /* MainPageModelTests.swift */,
			);
			path = MainPage;
			sourceTree = "<group>";
		};
		04885E2C2A14DF3D0049D8EE /* CalculatorPage */ = {
			isa = PBXGroup;
			children = (
				04885E2E2A14DFA50049D8EE /* CalculatorPageModelTests.swift */,
			);
			path = CalculatorPage;
			sourceTree = "<group>";
		};
		04885E2D2A14DF480049D8EE /* SettingsPage */ = {
			isa = PBXGroup;
			children = (
				04B5CDD02A211AD8002C822E /* SettingsPageUITests.swift */,
			);
			path = SettingsPage;
			sourceTree = "<group>";
		};
		04885E302A15298F0049D8EE /* Extensions */ = {
			isa = PBXGroup;
			children = (
				04885E312A1529BD0049D8EE /* UITextField + Extension.swift */,
			);
			path = Extensions;
			sourceTree = "<group>";
		};
		04B0816C2A1284CB00EA217C /* VAT CalculatorTests */ = {
			isa = PBXGroup;
			children = (
				04885E2B2A14DF280049D8EE /* MainPage */,
				04885E2C2A14DF3D0049D8EE /* CalculatorPage */,
			);
			path = "VAT CalculatorTests";
			sourceTree = "<group>";
		};
		04B5CDB62A1FA941002C822E /* VAT CalculatorUITests */ = {
			isa = PBXGroup;
			children = (
				04B5CDC72A1FE37E002C822E /* UITestsModels */,
				04B5CDC32A1FE11F002C822E /* MainPage */,
				04B5CDC42A1FE12E002C822E /* CalculatorPage */,
				04885E2D2A14DF480049D8EE /* SettingsPage */,
			);
			path = "VAT CalculatorUITests";
			sourceTree = "<group>";
		};
		04B5CDC32A1FE11F002C822E /* MainPage */ = {
			isa = PBXGroup;
			children = (
				04B5CDAF2A1FA3AC002C822E /* MainPageUITests.swift */,
			);
			path = MainPage;
			sourceTree = "<group>";
		};
		04B5CDC42A1FE12E002C822E /* CalculatorPage */ = {
			isa = PBXGroup;
			children = (
				04B5CDC52A1FE15F002C822E /* CalculatorPageUITests.swift */,
			);
			path = CalculatorPage;
			sourceTree = "<group>";
		};
		04B5CDC72A1FE37E002C822E /* UITestsModels */ = {
			isa = PBXGroup;
			children = (
				04B5CDCA2A1FEEE2002C822E /* PageProtocol.swift */,
				04B5CDC82A1FE38F002C822E /* MainPageUIModel.swift */,
				04B5CDCC2A1FEF0A002C822E /* CalculatorPageUIModel.swift */,
				04B5CDCE2A1FEF4B002C822E /* SettingsPageUIModel.swift */,
			);
			path = UITestsModels;
			sourceTree = "<group>";
		};
		04C1C11129C0CAB8006FBED3 /* Services */ = {
			isa = PBXGroup;
			children = (
				04C1C11229C0CAE9006FBED3 /* UserDefaultsManager.swift */,
				04C1C11429C0CB26006FBED3 /* AlertManager.swift */,
			);
			path = Services;
			sourceTree = "<group>";
		};
		04F1712129C363C100690A2A /* SettingsPage */ = {
			isa = PBXGroup;
			children = (
				04426D982A2B4FC300DB5272 /* SettingsPageAssembly.swift */,
				04F1712229C363F500690A2A /* SettingsPageController.swift */,
				04F1712429C3640D00690A2A /* SettingsPageView.swift */,
				04426D962A2B4FB300DB5272 /* SettingsPagePresenter.swift */,
			);
			path = SettingsPage;
			sourceTree = "<group>";
		};
/* End PBXGroup section */

/* Begin PBXNativeTarget section */
		044EF59E298AF18200AA986A /* VAT Calculator */ = {
			isa = PBXNativeTarget;
			buildConfigurationList = 044EF5B3298AF18400AA986A /* Build configuration list for PBXNativeTarget "VAT Calculator" */;
			buildPhases = (
				044EF59B298AF18200AA986A /* Sources */,
				044EF59C298AF18200AA986A /* Frameworks */,
				044EF59D298AF18200AA986A /* Resources */,
			);
			buildRules = (
			);
			dependencies = (
			);
			name = "VAT Calculator";
			packageProductDependencies = (
				047012F429BE4430005145B2 /* SnapKit */,
				049C727E2A5968B100D78C19 /* RxCocoa */,
				049C72802A5968B100D78C19 /* RxSwift */,
			);
			productName = "VAT Calculator";
			productReference = 044EF59F298AF18200AA986A /* VAT Calculator.app */;
			productType = "com.apple.product-type.application";
		};
		04B0816A2A1284CB00EA217C /* VAT CalculatorTests */ = {
			isa = PBXNativeTarget;
			buildConfigurationList = 04B081732A1284CB00EA217C /* Build configuration list for PBXNativeTarget "VAT CalculatorTests" */;
			buildPhases = (
				04B081672A1284CB00EA217C /* Sources */,
				04B081682A1284CB00EA217C /* Frameworks */,
				04B081692A1284CB00EA217C /* Resources */,
			);
			buildRules = (
			);
			dependencies = (
				04B081702A1284CB00EA217C /* PBXTargetDependency */,
			);
			name = "VAT CalculatorTests";
			productName = "VAT CalculatorTests";
			productReference = 04B0816B2A1284CB00EA217C /* VAT CalculatorTests.xctest */;
			productType = "com.apple.product-type.bundle.unit-test";
		};
		04B5CDB42A1FA941002C822E /* VAT CalculatorUITests */ = {
			isa = PBXNativeTarget;
			buildConfigurationList = 04B5CDBD2A1FA941002C822E /* Build configuration list for PBXNativeTarget "VAT CalculatorUITests" */;
			buildPhases = (
				04B5CDB12A1FA941002C822E /* Sources */,
				04B5CDB22A1FA941002C822E /* Frameworks */,
				04B5CDB32A1FA941002C822E /* Resources */,
			);
			buildRules = (
			);
			dependencies = (
				04B5CDBC2A1FA941002C822E /* PBXTargetDependency */,
			);
			name = "VAT CalculatorUITests";
			productName = "VAT CalculatorUITests";
			productReference = 04B5CDB52A1FA941002C822E /* VAT CalculatorUITests.xctest */;
			productType = "com.apple.product-type.bundle.ui-testing";
		};
/* End PBXNativeTarget section */

/* Begin PBXProject section */
		044EF597298AF18200AA986A /* Project object */ = {
			isa = PBXProject;
			attributes = {
				BuildIndependentTargetsInParallel = 1;
				LastSwiftUpdateCheck = 1320;
				LastUpgradeCheck = 1320;
				TargetAttributes = {
					044EF59E298AF18200AA986A = {
						CreatedOnToolsVersion = 13.2.1;
					};
					04B0816A2A1284CB00EA217C = {
						CreatedOnToolsVersion = 13.2.1;
						TestTargetID = 044EF59E298AF18200AA986A;
					};
					04B5CDB42A1FA941002C822E = {
						CreatedOnToolsVersion = 13.2.1;
						TestTargetID = 044EF59E298AF18200AA986A;
					};
				};
			};
			buildConfigurationList = 044EF59A298AF18200AA986A /* Build configuration list for PBXProject "VAT Calculator" */;
			compatibilityVersion = "Xcode 13.0";
			developmentRegion = en;
			hasScannedForEncodings = 0;
			knownRegions = (
				en,
				Base,
			);
			mainGroup = 044EF596298AF18200AA986A;
			packageReferences = (
				047012F329BE4430005145B2 /* XCRemoteSwiftPackageReference "SnapKit" */,
				049C727D2A5968B100D78C19 /* XCRemoteSwiftPackageReference "RxSwift" */,
			);
			productRefGroup = 044EF5A0298AF18200AA986A /* Products */;
			projectDirPath = "";
			projectRoot = "";
			targets = (
				044EF59E298AF18200AA986A /* VAT Calculator */,
				04B0816A2A1284CB00EA217C /* VAT CalculatorTests */,
				04B5CDB42A1FA941002C822E /* VAT CalculatorUITests */,
			);
		};
/* End PBXProject section */

/* Begin PBXResourcesBuildPhase section */
		044EF59D298AF18200AA986A /* Resources */ = {
			isa = PBXResourcesBuildPhase;
			buildActionMask = 2147483647;
			files = (
				041BD070298D788600004E40 /* .gitignore in Resources */,
				044EF5AF298AF18400AA986A /* LaunchScreen.storyboard in Resources */,
				044EF5AC298AF18400AA986A /* Assets.xcassets in Resources */,
			);
			runOnlyForDeploymentPostprocessing = 0;
		};
		04B081692A1284CB00EA217C /* Resources */ = {
			isa = PBXResourcesBuildPhase;
			buildActionMask = 2147483647;
			files = (
			);
			runOnlyForDeploymentPostprocessing = 0;
		};
		04B5CDB32A1FA941002C822E /* Resources */ = {
			isa = PBXResourcesBuildPhase;
			buildActionMask = 2147483647;
			files = (
			);
			runOnlyForDeploymentPostprocessing = 0;
		};
/* End PBXResourcesBuildPhase section */

/* Begin PBXSourcesBuildPhase section */
		044EF59B298AF18200AA986A /* Sources */ = {
			isa = PBXSourcesBuildPhase;
			buildActionMask = 2147483647;
			files = (
				04F1712329C363F500690A2A /* SettingsPageController.swift in Sources */,
				04885E322A1529BD0049D8EE /* UITextField + Extension.swift in Sources */,
				049C727C2A5967E500D78C19 /* MainPageViewModel.swift in Sources */,
				044EF5A3298AF18200AA986A /* AppDelegate.swift in Sources */,
				04C39F182A2E4294001FEE71 /* Boxing.swift in Sources */,
				04C1C10A29C062D4006FBED3 /* MainPageView.swift in Sources */,
				04C1C11029C0BDA6006FBED3 /* MainPageModel.swift in Sources */,
				044EF5A5298AF18200AA986A /* SceneDelegate.swift in Sources */,
				049C72832A596B1E00D78C19 /* MainPageController.swift in Sources */,
				04B0FB462A28FD6300C5D355 /* Router.swift in Sources */,
				04426D972A2B4FB300DB5272 /* SettingsPagePresenter.swift in Sources */,
				04C1C11929C10355006FBED3 /* CalculatorPageModel.swift in Sources */,
				04C1C11729C0D498006FBED3 /* CalculatorPageView.swift in Sources */,
				04C1C10C29C07619006FBED3 /* CalculatorPageController.swift in Sources */,
				04426D992A2B4FC300DB5272 /* SettingsPageAssembly.swift in Sources */,
				04C1C11329C0CAE9006FBED3 /* UserDefaultsManager.swift in Sources */,
				04B0FB4A2A28FD8E00C5D355 /* MainPageAssembly.swift in Sources */,
				04C1C10E29C0AD57006FBED3 /* UIConstants.swift in Sources */,
				04426D952A2A47DA00DB5272 /* CalculatorPageViewModel.swift in Sources */,
				04C1C11529C0CB26006FBED3 /* AlertManager.swift in Sources */,
				04426D932A2A47C700DB5272 /* CalculatorPageAssembly.swift in Sources */,
				04F1712529C3640D00690A2A /* SettingsPageView.swift in Sources */,
			);
			runOnlyForDeploymentPostprocessing = 0;
		};
		04B081672A1284CB00EA217C /* Sources */ = {
			isa = PBXSourcesBuildPhase;
			buildActionMask = 2147483647;
			files = (
				04885E2F2A14DFA50049D8EE /* CalculatorPageModelTests.swift in Sources */,
				04B0816E2A1284CB00EA217C /* MainPageModelTests.swift in Sources */,
			);
			runOnlyForDeploymentPostprocessing = 0;
		};
		04B5CDB12A1FA941002C822E /* Sources */ = {
			isa = PBXSourcesBuildPhase;
			buildActionMask = 2147483647;
			files = (
				04B5CDCB2A1FEEE2002C822E /* PageProtocol.swift in Sources */,
				04B5CDCF2A1FEF4B002C822E /* SettingsPageUIModel.swift in Sources */,
				04B5CDC92A1FE38F002C822E /* MainPageUIModel.swift in Sources */,
				04B5CDC62A1FE15F002C822E /* CalculatorPageUITests.swift in Sources */,
				04B5CDC02A1FABB8002C822E /* MainPageUITests.swift in Sources */,
				04B5CDD12A211AD8002C822E /* SettingsPageUITests.swift in Sources */,
				04B5CDCD2A1FEF0A002C822E /* CalculatorPageUIModel.swift in Sources */,
			);
			runOnlyForDeploymentPostprocessing = 0;
		};
/* End PBXSourcesBuildPhase section */

/* Begin PBXTargetDependency section */
		04B081702A1284CB00EA217C /* PBXTargetDependency */ = {
			isa = PBXTargetDependency;
			target = 044EF59E298AF18200AA986A /* VAT Calculator */;
			targetProxy = 04B0816F2A1284CB00EA217C /* PBXContainerItemProxy */;
		};
		04B5CDBC2A1FA941002C822E /* PBXTargetDependency */ = {
			isa = PBXTargetDependency;
			target = 044EF59E298AF18200AA986A /* VAT Calculator */;
			targetProxy = 04B5CDBB2A1FA941002C822E /* PBXContainerItemProxy */;
		};
/* End PBXTargetDependency section */

/* Begin PBXVariantGroup section */
		044EF5AD298AF18400AA986A /* LaunchScreen.storyboard */ = {
			isa = PBXVariantGroup;
			children = (
				044EF5AE298AF18400AA986A /* Base */,
			);
			name = LaunchScreen.storyboard;
			sourceTree = "<group>";
		};
/* End PBXVariantGroup section */

/* Begin XCBuildConfiguration section */
		044EF5B1298AF18400AA986A /* Debug */ = {
			isa = XCBuildConfiguration;
			buildSettings = {
				ALWAYS_SEARCH_USER_PATHS = NO;
				CLANG_ANALYZER_NONNULL = YES;
				CLANG_ANALYZER_NUMBER_OBJECT_CONVERSION = YES_AGGRESSIVE;
				CLANG_CXX_LANGUAGE_STANDARD = "gnu++17";
				CLANG_CXX_LIBRARY = "libc++";
				CLANG_ENABLE_MODULES = YES;
				CLANG_ENABLE_OBJC_ARC = YES;
				CLANG_ENABLE_OBJC_WEAK = YES;
				CLANG_WARN_BLOCK_CAPTURE_AUTORELEASING = YES;
				CLANG_WARN_BOOL_CONVERSION = YES;
				CLANG_WARN_COMMA = YES;
				CLANG_WARN_CONSTANT_CONVERSION = YES;
				CLANG_WARN_DEPRECATED_OBJC_IMPLEMENTATIONS = YES;
				CLANG_WARN_DIRECT_OBJC_ISA_USAGE = YES_ERROR;
				CLANG_WARN_DOCUMENTATION_COMMENTS = YES;
				CLANG_WARN_EMPTY_BODY = YES;
				CLANG_WARN_ENUM_CONVERSION = YES;
				CLANG_WARN_INFINITE_RECURSION = YES;
				CLANG_WARN_INT_CONVERSION = YES;
				CLANG_WARN_NON_LITERAL_NULL_CONVERSION = YES;
				CLANG_WARN_OBJC_IMPLICIT_RETAIN_SELF = YES;
				CLANG_WARN_OBJC_LITERAL_CONVERSION = YES;
				CLANG_WARN_OBJC_ROOT_CLASS = YES_ERROR;
				CLANG_WARN_QUOTED_INCLUDE_IN_FRAMEWORK_HEADER = YES;
				CLANG_WARN_RANGE_LOOP_ANALYSIS = YES;
				CLANG_WARN_STRICT_PROTOTYPES = YES;
				CLANG_WARN_SUSPICIOUS_MOVE = YES;
				CLANG_WARN_UNGUARDED_AVAILABILITY = YES_AGGRESSIVE;
				CLANG_WARN_UNREACHABLE_CODE = YES;
				CLANG_WARN__DUPLICATE_METHOD_MATCH = YES;
				COPY_PHASE_STRIP = NO;
				DEBUG_INFORMATION_FORMAT = dwarf;
				ENABLE_STRICT_OBJC_MSGSEND = YES;
				ENABLE_TESTABILITY = YES;
				GCC_C_LANGUAGE_STANDARD = gnu11;
				GCC_DYNAMIC_NO_PIC = NO;
				GCC_NO_COMMON_BLOCKS = YES;
				GCC_OPTIMIZATION_LEVEL = 0;
				GCC_PREPROCESSOR_DEFINITIONS = (
					"DEBUG=1",
					"$(inherited)",
				);
				GCC_WARN_64_TO_32_BIT_CONVERSION = YES;
				GCC_WARN_ABOUT_RETURN_TYPE = YES_ERROR;
				GCC_WARN_UNDECLARED_SELECTOR = YES;
				GCC_WARN_UNINITIALIZED_AUTOS = YES_AGGRESSIVE;
				GCC_WARN_UNUSED_FUNCTION = YES;
				GCC_WARN_UNUSED_VARIABLE = YES;
				IPHONEOS_DEPLOYMENT_TARGET = 15.2;
				MTL_ENABLE_DEBUG_INFO = INCLUDE_SOURCE;
				MTL_FAST_MATH = YES;
				ONLY_ACTIVE_ARCH = YES;
				SDKROOT = iphoneos;
				SWIFT_ACTIVE_COMPILATION_CONDITIONS = DEBUG;
				SWIFT_OPTIMIZATION_LEVEL = "-Onone";
			};
			name = Debug;
		};
		044EF5B2298AF18400AA986A /* Release */ = {
			isa = XCBuildConfiguration;
			buildSettings = {
				ALWAYS_SEARCH_USER_PATHS = NO;
				CLANG_ANALYZER_NONNULL = YES;
				CLANG_ANALYZER_NUMBER_OBJECT_CONVERSION = YES_AGGRESSIVE;
				CLANG_CXX_LANGUAGE_STANDARD = "gnu++17";
				CLANG_CXX_LIBRARY = "libc++";
				CLANG_ENABLE_MODULES = YES;
				CLANG_ENABLE_OBJC_ARC = YES;
				CLANG_ENABLE_OBJC_WEAK = YES;
				CLANG_WARN_BLOCK_CAPTURE_AUTORELEASING = YES;
				CLANG_WARN_BOOL_CONVERSION = YES;
				CLANG_WARN_COMMA = YES;
				CLANG_WARN_CONSTANT_CONVERSION = YES;
				CLANG_WARN_DEPRECATED_OBJC_IMPLEMENTATIONS = YES;
				CLANG_WARN_DIRECT_OBJC_ISA_USAGE = YES_ERROR;
				CLANG_WARN_DOCUMENTATION_COMMENTS = YES;
				CLANG_WARN_EMPTY_BODY = YES;
				CLANG_WARN_ENUM_CONVERSION = YES;
				CLANG_WARN_INFINITE_RECURSION = YES;
				CLANG_WARN_INT_CONVERSION = YES;
				CLANG_WARN_NON_LITERAL_NULL_CONVERSION = YES;
				CLANG_WARN_OBJC_IMPLICIT_RETAIN_SELF = YES;
				CLANG_WARN_OBJC_LITERAL_CONVERSION = YES;
				CLANG_WARN_OBJC_ROOT_CLASS = YES_ERROR;
				CLANG_WARN_QUOTED_INCLUDE_IN_FRAMEWORK_HEADER = YES;
				CLANG_WARN_RANGE_LOOP_ANALYSIS = YES;
				CLANG_WARN_STRICT_PROTOTYPES = YES;
				CLANG_WARN_SUSPICIOUS_MOVE = YES;
				CLANG_WARN_UNGUARDED_AVAILABILITY = YES_AGGRESSIVE;
				CLANG_WARN_UNREACHABLE_CODE = YES;
				CLANG_WARN__DUPLICATE_METHOD_MATCH = YES;
				COPY_PHASE_STRIP = NO;
				DEBUG_INFORMATION_FORMAT = "dwarf-with-dsym";
				ENABLE_NS_ASSERTIONS = NO;
				ENABLE_STRICT_OBJC_MSGSEND = YES;
				GCC_C_LANGUAGE_STANDARD = gnu11;
				GCC_NO_COMMON_BLOCKS = YES;
				GCC_WARN_64_TO_32_BIT_CONVERSION = YES;
				GCC_WARN_ABOUT_RETURN_TYPE = YES_ERROR;
				GCC_WARN_UNDECLARED_SELECTOR = YES;
				GCC_WARN_UNINITIALIZED_AUTOS = YES_AGGRESSIVE;
				GCC_WARN_UNUSED_FUNCTION = YES;
				GCC_WARN_UNUSED_VARIABLE = YES;
				IPHONEOS_DEPLOYMENT_TARGET = 15.2;
				MTL_ENABLE_DEBUG_INFO = NO;
				MTL_FAST_MATH = YES;
				SDKROOT = iphoneos;
				SWIFT_COMPILATION_MODE = wholemodule;
				SWIFT_OPTIMIZATION_LEVEL = "-O";
				VALIDATE_PRODUCT = YES;
			};
			name = Release;
		};
		044EF5B4298AF18400AA986A /* Debug */ = {
			isa = XCBuildConfiguration;
			buildSettings = {
				ASSETCATALOG_COMPILER_APPICON_NAME = AppIcon;
				ASSETCATALOG_COMPILER_GLOBAL_ACCENT_COLOR_NAME = AccentColor;
				CODE_SIGN_STYLE = Automatic;
				CURRENT_PROJECT_VERSION = 1;
				DEVELOPMENT_TEAM = DKBJ2N927G;
				GENERATE_INFOPLIST_FILE = YES;
				INFOPLIST_FILE = "VAT Calculator/Resources/Info.plist";
				INFOPLIST_KEY_UIApplicationSupportsIndirectInputEvents = YES;
				INFOPLIST_KEY_UILaunchStoryboardName = LaunchScreen;
				INFOPLIST_KEY_UISupportedInterfaceOrientations = UIInterfaceOrientationPortrait;
				INFOPLIST_KEY_UISupportedInterfaceOrientations_iPad = "UIInterfaceOrientationPortrait UIInterfaceOrientationPortraitUpsideDown UIInterfaceOrientationLandscapeLeft UIInterfaceOrientationLandscapeRight";
				INFOPLIST_KEY_UISupportedInterfaceOrientations_iPhone = "UIInterfaceOrientationPortrait UIInterfaceOrientationLandscapeLeft UIInterfaceOrientationLandscapeRight";
				LD_RUNPATH_SEARCH_PATHS = (
					"$(inherited)",
					"@executable_path/Frameworks",
				);
				MARKETING_VERSION = 1.0;
				PRODUCT_BUNDLE_IDENTIFIER = "Lap42.VAT-Calculator";
				PRODUCT_NAME = "$(TARGET_NAME)";
				SWIFT_EMIT_LOC_STRINGS = YES;
				SWIFT_VERSION = 5.0;
				TARGETED_DEVICE_FAMILY = 1;
			};
			name = Debug;
		};
		044EF5B5298AF18400AA986A /* Release */ = {
			isa = XCBuildConfiguration;
			buildSettings = {
				ASSETCATALOG_COMPILER_APPICON_NAME = AppIcon;
				ASSETCATALOG_COMPILER_GLOBAL_ACCENT_COLOR_NAME = AccentColor;
				CODE_SIGN_STYLE = Automatic;
				CURRENT_PROJECT_VERSION = 1;
				DEVELOPMENT_TEAM = DKBJ2N927G;
				GENERATE_INFOPLIST_FILE = YES;
				INFOPLIST_FILE = "VAT Calculator/Resources/Info.plist";
				INFOPLIST_KEY_UIApplicationSupportsIndirectInputEvents = YES;
				INFOPLIST_KEY_UILaunchStoryboardName = LaunchScreen;
				INFOPLIST_KEY_UISupportedInterfaceOrientations = UIInterfaceOrientationPortrait;
				INFOPLIST_KEY_UISupportedInterfaceOrientations_iPad = "UIInterfaceOrientationPortrait UIInterfaceOrientationPortraitUpsideDown UIInterfaceOrientationLandscapeLeft UIInterfaceOrientationLandscapeRight";
				INFOPLIST_KEY_UISupportedInterfaceOrientations_iPhone = "UIInterfaceOrientationPortrait UIInterfaceOrientationLandscapeLeft UIInterfaceOrientationLandscapeRight";
				LD_RUNPATH_SEARCH_PATHS = (
					"$(inherited)",
					"@executable_path/Frameworks",
				);
				MARKETING_VERSION = 1.0;
				PRODUCT_BUNDLE_IDENTIFIER = "Lap42.VAT-Calculator";
				PRODUCT_NAME = "$(TARGET_NAME)";
				SWIFT_EMIT_LOC_STRINGS = YES;
				SWIFT_VERSION = 5.0;
				TARGETED_DEVICE_FAMILY = 1;
			};
			name = Release;
		};
		04B081712A1284CB00EA217C /* Debug */ = {
			isa = XCBuildConfiguration;
			buildSettings = {
				BUNDLE_LOADER = "$(TEST_HOST)";
				CODE_SIGN_STYLE = Automatic;
				CURRENT_PROJECT_VERSION = 1;
				DEVELOPMENT_TEAM = DKBJ2N927G;
				GENERATE_INFOPLIST_FILE = YES;
				MARKETING_VERSION = 1.0;
				PRODUCT_BUNDLE_IDENTIFIER = "Lap42.VAT-CalculatorTests";
				PRODUCT_NAME = "$(TARGET_NAME)";
				SWIFT_EMIT_LOC_STRINGS = NO;
				SWIFT_VERSION = 5.0;
				TARGETED_DEVICE_FAMILY = "1,2";
				TEST_HOST = "$(BUILT_PRODUCTS_DIR)/VAT Calculator.app/VAT Calculator";
			};
			name = Debug;
		};
		04B081722A1284CB00EA217C /* Release */ = {
			isa = XCBuildConfiguration;
			buildSettings = {
				BUNDLE_LOADER = "$(TEST_HOST)";
				CODE_SIGN_STYLE = Automatic;
				CURRENT_PROJECT_VERSION = 1;
				DEVELOPMENT_TEAM = DKBJ2N927G;
				GENERATE_INFOPLIST_FILE = YES;
				MARKETING_VERSION = 1.0;
				PRODUCT_BUNDLE_IDENTIFIER = "Lap42.VAT-CalculatorTests";
				PRODUCT_NAME = "$(TARGET_NAME)";
				SWIFT_EMIT_LOC_STRINGS = NO;
				SWIFT_VERSION = 5.0;
				TARGETED_DEVICE_FAMILY = "1,2";
				TEST_HOST = "$(BUILT_PRODUCTS_DIR)/VAT Calculator.app/VAT Calculator";
			};
			name = Release;
		};
		04B5CDBE2A1FA941002C822E /* Debug */ = {
			isa = XCBuildConfiguration;
			buildSettings = {
				CODE_SIGN_STYLE = Automatic;
				CURRENT_PROJECT_VERSION = 1;
				DEVELOPMENT_TEAM = DKBJ2N927G;
				GENERATE_INFOPLIST_FILE = YES;
				MARKETING_VERSION = 1.0;
				PRODUCT_BUNDLE_IDENTIFIER = "Lap42.VAT-CalculatorUITests";
				PRODUCT_NAME = "$(TARGET_NAME)";
				SWIFT_EMIT_LOC_STRINGS = NO;
				SWIFT_VERSION = 5.0;
				TARGETED_DEVICE_FAMILY = "1,2";
				TEST_TARGET_NAME = "VAT Calculator";
			};
			name = Debug;
		};
		04B5CDBF2A1FA941002C822E /* Release */ = {
			isa = XCBuildConfiguration;
			buildSettings = {
				CODE_SIGN_STYLE = Automatic;
				CURRENT_PROJECT_VERSION = 1;
				DEVELOPMENT_TEAM = DKBJ2N927G;
				GENERATE_INFOPLIST_FILE = YES;
				MARKETING_VERSION = 1.0;
				PRODUCT_BUNDLE_IDENTIFIER = "Lap42.VAT-CalculatorUITests";
				PRODUCT_NAME = "$(TARGET_NAME)";
				SWIFT_EMIT_LOC_STRINGS = NO;
				SWIFT_VERSION = 5.0;
				TARGETED_DEVICE_FAMILY = "1,2";
				TEST_TARGET_NAME = "VAT Calculator";
			};
			name = Release;
		};
/* End XCBuildConfiguration section */

/* Begin XCConfigurationList section */
		044EF59A298AF18200AA986A /* Build configuration list for PBXProject "VAT Calculator" */ = {
			isa = XCConfigurationList;
			buildConfigurations = (
				044EF5B1298AF18400AA986A /* Debug */,
				044EF5B2298AF18400AA986A /* Release */,
			);
			defaultConfigurationIsVisible = 0;
			defaultConfigurationName = Release;
		};
		044EF5B3298AF18400AA986A /* Build configuration list for PBXNativeTarget "VAT Calculator" */ = {
			isa = XCConfigurationList;
			buildConfigurations = (
				044EF5B4298AF18400AA986A /* Debug */,
				044EF5B5298AF18400AA986A /* Release */,
			);
			defaultConfigurationIsVisible = 0;
			defaultConfigurationName = Release;
		};
		04B081732A1284CB00EA217C /* Build configuration list for PBXNativeTarget "VAT CalculatorTests" */ = {
			isa = XCConfigurationList;
			buildConfigurations = (
				04B081712A1284CB00EA217C /* Debug */,
				04B081722A1284CB00EA217C /* Release */,
			);
			defaultConfigurationIsVisible = 0;
			defaultConfigurationName = Release;
		};
		04B5CDBD2A1FA941002C822E /* Build configuration list for PBXNativeTarget "VAT CalculatorUITests" */ = {
			isa = XCConfigurationList;
			buildConfigurations = (
				04B5CDBE2A1FA941002C822E /* Debug */,
				04B5CDBF2A1FA941002C822E /* Release */,
			);
			defaultConfigurationIsVisible = 0;
			defaultConfigurationName = Release;
		};
/* End XCConfigurationList section */

/* Begin XCRemoteSwiftPackageReference section */
		047012F329BE4430005145B2 /* XCRemoteSwiftPackageReference "SnapKit" */ = {
			isa = XCRemoteSwiftPackageReference;
			repositoryURL = "https://github.com/SnapKit/SnapKit";
			requirement = {
				kind = upToNextMajorVersion;
				minimumVersion = 5.0.0;
			};
		};
		049C727D2A5968B100D78C19 /* XCRemoteSwiftPackageReference "RxSwift" */ = {
			isa = XCRemoteSwiftPackageReference;
			repositoryURL = "https://github.com/ReactiveX/RxSwift";
			requirement = {
				kind = upToNextMajorVersion;
				minimumVersion = 6.0.0;
			};
		};
/* End XCRemoteSwiftPackageReference section */

/* Begin XCSwiftPackageProductDependency section */
		047012F429BE4430005145B2 /* SnapKit */ = {
			isa = XCSwiftPackageProductDependency;
			package = 047012F329BE4430005145B2 /* XCRemoteSwiftPackageReference "SnapKit" */;
			productName = SnapKit;
		};
		049C727E2A5968B100D78C19 /* RxCocoa */ = {
			isa = XCSwiftPackageProductDependency;
			package = 049C727D2A5968B100D78C19 /* XCRemoteSwiftPackageReference "RxSwift" */;
			productName = RxCocoa;
		};
		049C72802A5968B100D78C19 /* RxSwift */ = {
			isa = XCSwiftPackageProductDependency;
			package = 049C727D2A5968B100D78C19 /* XCRemoteSwiftPackageReference "RxSwift" */;
			productName = RxSwift;
		};
/* End XCSwiftPackageProductDependency section */
	};
	rootObject = 044EF597298AF18200AA986A /* Project object */;
}
